
Microsoft Visual Studio Solution File, Format Version 12.00
# Visual Studio 15
VisualStudioVersion = 15.0.26730.12
MinimumVisualStudioVersion = 10.0.40219.1
Project("{9A19103F-16F7-4668-BE54-9A1E7A4F7556}") = "CoolBytes.Core", "src\CoolBytes.Core\CoolBytes.Core.csproj", "{02EEF3E9-9EB0-4DE4-AD3E-49D3462D21A1}"
EndProject
Project("{2150E333-8FDC-42A3-9474-1A3956D46DE8}") = "src", "src", "{FB2CFBCF-C587-47D4-987D-E1FB9DC98C78}"
EndProject
Project("{2150E333-8FDC-42A3-9474-1A3956D46DE8}") = "tests", "tests", "{167FD31D-03F4-4D8C-A5AF-817722FE49EC}"
EndProject
Project("{9A19103F-16F7-4668-BE54-9A1E7A4F7556}") = "CoolBytes.Tests", "tests\CoolBytes.Tests\CoolBytes.Tests.csproj", "{BDBC1C57-D69C-40AD-A692-FB2458653C55}"
EndProject
Project("{9A19103F-16F7-4668-BE54-9A1E7A4F7556}") = "CoolBytes.Data", "src\CoolBytes.Data\CoolBytes.Data.csproj", "{49D99B74-54A0-4792-8C41-8764826E3B5C}"
EndProject
Project("{9A19103F-16F7-4668-BE54-9A1E7A4F7556}") = "CoolBytes.WebAPI", "src\CoolBytes.WebAPI\CoolBytes.WebAPI.csproj", "{0E33B8CE-CD39-4BD9-89B5-4889E8D679BC}"
EndProject
Project("{2150E333-8FDC-42A3-9474-1A3956D46DE8}") = "utils", "utils", "{85855F02-6F37-46D3-B930-DDA94560155D}"
EndProject
Project("{FAE04EC0-301F-11D3-BF4B-00C04F79EFBC}") = "CoolBytes.EncryptionOptionsGenerator", "utils\CoolBytes.EncryptionOptionsGenerator\CoolBytes.EncryptionOptionsGenerator.csproj", "{24177FAE-E047-4F44-BED3-76E7105E28CA}"
EndProject
Global
	GlobalSection(SolutionConfigurationPlatforms) = preSolution
		Debug|Any CPU = Debug|Any CPU
		Release|Any CPU = Release|Any CPU
	EndGlobalSection
	GlobalSection(ProjectConfigurationPlatforms) = postSolution
		{02EEF3E9-9EB0-4DE4-AD3E-49D3462D21A1}.Debug|Any CPU.ActiveCfg = Debug|Any CPU
		{02EEF3E9-9EB0-4DE4-AD3E-49D3462D21A1}.Debug|Any CPU.Build.0 = Debug|Any CPU
		{02EEF3E9-9EB0-4DE4-AD3E-49D3462D21A1}.Release|Any CPU.ActiveCfg = Release|Any CPU
		{02EEF3E9-9EB0-4DE4-AD3E-49D3462D21A1}.Release|Any CPU.Build.0 = Release|Any CPU
		{BDBC1C57-D69C-40AD-A692-FB2458653C55}.Debug|Any CPU.ActiveCfg = Debug|Any CPU
		{BDBC1C57-D69C-40AD-A692-FB2458653C55}.Debug|Any CPU.Build.0 = Debug|Any CPU
		{BDBC1C57-D69C-40AD-A692-FB2458653C55}.Release|Any CPU.ActiveCfg = Release|Any CPU
		{BDBC1C57-D69C-40AD-A692-FB2458653C55}.Release|Any CPU.Build.0 = Release|Any CPU
		{49D99B74-54A0-4792-8C41-8764826E3B5C}.Debug|Any CPU.ActiveCfg = Debug|Any CPU
		{49D99B74-54A0-4792-8C41-8764826E3B5C}.Debug|Any CPU.Build.0 = Debug|Any CPU
		{49D99B74-54A0-4792-8C41-8764826E3B5C}.Release|Any CPU.ActiveCfg = Release|Any CPU
		{49D99B74-54A0-4792-8C41-8764826E3B5C}.Release|Any CPU.Build.0 = Release|Any CPU
		{0E33B8CE-CD39-4BD9-89B5-4889E8D679BC}.Debug|Any CPU.ActiveCfg = Debug|Any CPU
		{0E33B8CE-CD39-4BD9-89B5-4889E8D679BC}.Debug|Any CPU.Build.0 = Debug|Any CPU
		{0E33B8CE-CD39-4BD9-89B5-4889E8D679BC}.Release|Any CPU.ActiveCfg = Release|Any CPU
		{0E33B8CE-CD39-4BD9-89B5-4889E8D679BC}.Release|Any CPU.Build.0 = Release|Any CPU
		{24177FAE-E047-4F44-BED3-76E7105E28CA}.Debug|Any CPU.ActiveCfg = Debug|Any CPU
		{24177FAE-E047-4F44-BED3-76E7105E28CA}.Debug|Any CPU.Build.0 = Debug|Any CPU
		{24177FAE-E047-4F44-BED3-76E7105E28CA}.Release|Any CPU.ActiveCfg = Release|Any CPU
		{24177FAE-E047-4F44-BED3-76E7105E28CA}.Release|Any CPU.Build.0 = Release|Any CPU
	EndGlobalSection
	GlobalSection(SolutionProperties) = preSolution
		HideSolutionNode = FALSE
	EndGlobalSection
	GlobalSection(NestedProjects) = preSolution
		{02EEF3E9-9EB0-4DE4-AD3E-49D3462D21A1} = {FB2CFBCF-C587-47D4-987D-E1FB9DC98C78}
		{BDBC1C57-D69C-40AD-A692-FB2458653C55} = {167FD31D-03F4-4D8C-A5AF-817722FE49EC}
		{49D99B74-54A0-4792-8C41-8764826E3B5C} = {FB2CFBCF-C587-47D4-987D-E1FB9DC98C78}
		{0E33B8CE-CD39-4BD9-89B5-4889E8D679BC} = {FB2CFBCF-C587-47D4-987D-E1FB9DC98C78}
		{24177FAE-E047-4F44-BED3-76E7105E28CA} = {85855F02-6F37-46D3-B930-DDA94560155D}
	EndGlobalSection
	GlobalSection(ExtensibilityGlobals) = postSolution
		SolutionGuid = {7B8863F2-2C55-4EE2-B989-E2417AEE21A5}
	EndGlobalSection
EndGlobal
